<?xml version="1.0" encoding="utf-8"?>
<Project ToolsVersion="15.0" xmlns="http://schemas.microsoft.com/developer/msbuild/2003">
  <ItemGroup>
    <Filter Include="Resources">
      <UniqueIdentifier>c22c2172-02fd-453e-994f-fbf2184cd5c2</UniqueIdentifier>
      <Extensions>rc;ico;cur;bmp;dlg;rc2;rct;bin;rgs;gif;jpg;jpeg;jpe;resx;tga;tiff;tif;png;wav;mfcribbon-ms</Extensions>
    </Filter>
  </ItemGroup>
  <ItemGroup>
    <ClCompile Include="pch.cpp" />
    <ClCompile Include="ColorTextAnalyzer.cpp" />
    <ClCompile Include="Interop.cpp" />
    <ClCompile Include="CanvasTextLayoutAnalysis.cpp" />
  </ItemGroup>
  <ItemGroup>
    <ClInclude Include="pch.h" />
    <ClInclude Include="Interop.h" />
    <ClInclude Include="ColorTextAnalyzer.h" />
    <ClInclude Include="GlyphImageFormat.h" />
    <ClInclude Include="CanvasTextLayoutAnalysis.h" />
    <ClInclude Include="DWriteFontSource.h" />
    <ClInclude Include="DWriteProperties.h" />
    <ClInclude Include="DWHelpers.h" />
    <ClInclude Include="SVGGeometrySink.h" />
    <ClInclude Include="DWriteFontFace.h" />
    <ClInclude Include="DWriteFontSet.h" />
  </ItemGroup>
  <ItemGroup>
    <None Include="packages.config" />
  </ItemGroup>
</Project>